
Microsoft Visual Studio Solution File, Format Version 12.00
# Visual Studio Version 17
VisualStudioVersion = 17.8.34330.188
MinimumVisualStudioVersion = 10.0.40219.1
Project("{FAE04EC0-301F-11D3-BF4B-00C04F79EFBC}") = "EasyToBuy.Web", "EasyToBuy.Web\EasyToBuy.Web.csproj", "{6B9E468E-EA81-4812-93C1-0A584FED1E1D}"
EndProject
Project("{FAE04EC0-301F-11D3-BF4B-00C04F79EFBC}") = "EasyToBuy.Data", "EasyToBuy.Data\EasyToBuy.Data.csproj", "{2DCC4155-2467-43CE-8E25-3CCF1964E813}"
EndProject
Project("{FAE04EC0-301F-11D3-BF4B-00C04F79EFBC}") = "EasyToBuy.Services", "EasyToBuy.Services\EasyToBuy.Services.csproj", "{EEBAA933-D8F4-4CEE-BA44-98A4CF1468C4}"
EndProject
Project("{FAE04EC0-301F-11D3-BF4B-00C04F79EFBC}") = "EasyToBuy.Repository", "EasyToBuy.Repository\EasyToBuy.Repository.csproj", "{BB3ADB8A-75D7-4125-A120-469F9163078D}"
EndProject
Project("{FAE04EC0-301F-11D3-BF4B-00C04F79EFBC}") = "EasyToBuy.Models", "EasyToBuy.Models\EasyToBuy.Models.csproj", "{A10D8DAD-DF5F-4B80-8363-5724FFDF0AE8}"
EndProject
Global
	GlobalSection(SolutionConfigurationPlatforms) = preSolution
		Debug|Any CPU = Debug|Any CPU
		Release|Any CPU = Release|Any CPU
	EndGlobalSection
	GlobalSection(ProjectConfigurationPlatforms) = postSolution
		{6B9E468E-EA81-4812-93C1-0A584FED1E1D}.Debug|Any CPU.ActiveCfg = Debug|Any CPU
		{6B9E468E-EA81-4812-93C1-0A584FED1E1D}.Debug|Any CPU.Build.0 = Debug|Any CPU
		{6B9E468E-EA81-4812-93C1-0A584FED1E1D}.Release|Any CPU.ActiveCfg = Release|Any CPU
		{6B9E468E-EA81-4812-93C1-0A584FED1E1D}.Release|Any CPU.Build.0 = Release|Any CPU
		{2DCC4155-2467-43CE-8E25-3CCF1964E813}.Debug|Any CPU.ActiveCfg = Debug|Any CPU
		{2DCC4155-2467-43CE-8E25-3CCF1964E813}.Debug|Any CPU.Build.0 = Debug|Any CPU
		{2DCC4155-2467-43CE-8E25-3CCF1964E813}.Release|Any CPU.ActiveCfg = Release|Any CPU
		{2DCC4155-2467-43CE-8E25-3CCF1964E813}.Release|Any CPU.Build.0 = Release|Any CPU
		{EEBAA933-D8F4-4CEE-BA44-98A4CF1468C4}.Debug|Any CPU.ActiveCfg = Debug|Any CPU
		{EEBAA933-D8F4-4CEE-BA44-98A4CF1468C4}.Debug|Any CPU.Build.0 = Debug|Any CPU
		{EEBAA933-D8F4-4CEE-BA44-98A4CF1468C4}.Release|Any CPU.ActiveCfg = Release|Any CPU
		{EEBAA933-D8F4-4CEE-BA44-98A4CF1468C4}.Release|Any CPU.Build.0 = Release|Any CPU
		{BB3ADB8A-75D7-4125-A120-469F9163078D}.Debug|Any CPU.ActiveCfg = Debug|Any CPU
		{BB3ADB8A-75D7-4125-A120-469F9163078D}.Debug|Any CPU.Build.0 = Debug|Any CPU
		{BB3ADB8A-75D7-4125-A120-469F9163078D}.Release|Any CPU.ActiveCfg = Release|Any CPU
		{BB3ADB8A-75D7-4125-A120-469F9163078D}.Release|Any CPU.Build.0 = Release|Any CPU
		{A10D8DAD-DF5F-4B80-8363-5724FFDF0AE8}.Debug|Any CPU.ActiveCfg = Debug|Any CPU
		{A10D8DAD-DF5F-4B80-8363-5724FFDF0AE8}.Debug|Any CPU.Build.0 = Debug|Any CPU
		{A10D8DAD-DF5F-4B80-8363-5724FFDF0AE8}.Release|Any CPU.ActiveCfg = Release|Any CPU
		{A10D8DAD-DF5F-4B80-8363-5724FFDF0AE8}.Release|Any CPU.Build.0 = Release|Any CPU
	EndGlobalSection
	GlobalSection(SolutionProperties) = preSolution
		HideSolutionNode = FALSE
	EndGlobalSection
	GlobalSection(ExtensibilityGlobals) = postSolution
		SolutionGuid = {9E4822AE-2796-4B26-B8E5-27B7E0E93B4A}
	EndGlobalSection
EndGlobal
